Microsoft Visual Studio Solution File, Format Version 12.00
# Visual Studio 2012
VisualStudioVersion = 12.0.0.0
MinimumVisualStudioVersion = 10.0.0.1
Project("{FAE04EC0-301F-11D3-BF4B-00C04F79EFBC}") = "RoomMonitor.ApiClient", "src\RoomMonitor.ApiClient\RoomMonitor.ApiClient.csproj", "{70D0F76E-0ADC-42C4-99C0-DDD8DA636982}"
EndProject
Project("{FAE04EC0-301F-11D3-BF4B-00C04F79EFBC}") = "RoomMonitor.ApiClient.Test", "src\RoomMonitor.ApiClient.Test\RoomMonitor.ApiClient.Test.csproj", "{19F1DEBC-DE5E-4517-8062-F000CD499087}"
EndProject
Global
	GlobalSection(SolutionConfigurationPlatforms) = preSolution
		Debug|Any CPU = Debug|Any CPU
		Release|Any CPU = Release|Any CPU
	EndGlobalSection
	GlobalSection(ProjectConfigurationPlatforms) = postSolution
		{70D0F76E-0ADC-42C4-99C0-DDD8DA636982}.Debug|Any CPU.ActiveCfg = Debug|Any CPU
		{70D0F76E-0ADC-42C4-99C0-DDD8DA636982}.Debug|Any CPU.Build.0 = Debug|Any CPU
		{70D0F76E-0ADC-42C4-99C0-DDD8DA636982}.Release|Any CPU.ActiveCfg = Release|Any CPU
		{70D0F76E-0ADC-42C4-99C0-DDD8DA636982}.Release|Any CPU.Build.0 = Release|Any CPU
		{19F1DEBC-DE5E-4517-8062-F000CD499087}.Debug|Any CPU.ActiveCfg = Debug|Any CPU
		{19F1DEBC-DE5E-4517-8062-F000CD499087}.Debug|Any CPU.Build.0 = Debug|Any CPU
		{19F1DEBC-DE5E-4517-8062-F000CD499087}.Release|Any CPU.ActiveCfg = Release|Any CPU
		{19F1DEBC-DE5E-4517-8062-F000CD499087}.Release|Any CPU.Build.0 = Release|Any CPU
	EndGlobalSection
	GlobalSection(SolutionProperties) = preSolution
		HideSolutionNode = FALSE
	EndGlobalSection
EndGlobal