
Microsoft Visual Studio Solution File, Format Version 12.00
Project("{FAE04EC0-301F-11D3-BF4B-00C04F79EFBC}") = "RoomMonitor", "RoomMonitor\RoomMonitor.csproj", "{B405351D-5B05-4527-BB4B-D62521F65C78}"
EndProject
Project("{FAE04EC0-301F-11D3-BF4B-00C04F79EFBC}") = "TemperatureProbe", "TemperatureProbe\TemperatureProbe.csproj", "{4CCB503E-221B-46AA-9B26-AA5F5618A7F6}"
EndProject
Project("{2150E333-8FDC-42A3-9474-1A3956D46DE8}") = "Monitors", "Monitors", "{54D144B3-5B4A-48C2-A087-CE8C7EB37E35}"
EndProject
Project("{2150E333-8FDC-42A3-9474-1A3956D46DE8}") = "Climatisation", "Climatisation", "{81D52D84-B86F-4CFC-80CE-775FA8385FEB}"
EndProject
Project("{2150E333-8FDC-42A3-9474-1A3956D46DE8}") = "Probes", "Probes", "{9F63DD94-8186-49EC-9F1C-22CFBA4AAD51}"
EndProject
Project("{2150E333-8FDC-42A3-9474-1A3956D46DE8}") = "AdaptionLoop", "AdaptionLoop", "{424C93E9-0081-4574-B263-394E6F9D73EE}"
EndProject
Project("{FAE04EC0-301F-11D3-BF4B-00C04F79EFBC}") = "MonitoringService", "MonitoringService\MonitoringService.csproj", "{5BE78444-EE62-4C59-A462-C62E19019AA1}"
EndProject
Project("{FAE04EC0-301F-11D3-BF4B-00C04F79EFBC}") = "KnowledgeService", "KnowledgeService\KnowledgeService.csproj", "{650B89AC-93BE-4BD6-BC12-58E700ACD1E5}"
EndProject
Project("{2150E333-8FDC-42A3-9474-1A3956D46DE8}") = "Knowledge", "Knowledge", "{644E3857-1E44-485C-A9B2-748B4431777B}"
EndProject
Project("{FAE04EC0-301F-11D3-BF4B-00C04F79EFBC}") = "KnowledgeService.ApiClient", "KnowledgeService\ApiClient\KnowledgeService.ApiClient\KnowledgeService.ApiClient.csproj", "{04EE2BAD-EBE1-44F6-AF91-84B92DF71A85}"
EndProject
Project("{2150E333-8FDC-42A3-9474-1A3956D46DE8}") = "Monitoring", "Monitoring", "{3EBF2FC5-39A5-4FAE-B450-D3DDE2E05486}"
EndProject
Project("{FAE04EC0-301F-11D3-BF4B-00C04F79EFBC}") = "MonitoringService.ApiClient", "MonitoringService\ApiClient\MonitoringService.ApiClient\MonitoringService.ApiClient.csproj", "{6A364398-FAA0-4F62-AAA5-2BEC71BE1FB7}"
EndProject
Project("{FAE04EC0-301F-11D3-BF4B-00C04F79EFBC}") = "RoomMonitor.ApiClient", "RoomMonitor\ApiClient\RoomMonitor.ApiClient\RoomMonitor.ApiClient.csproj", "{711EF28C-A45E-4DBA-8ABC-C99A60B89B28}"
EndProject
Project("{2150E333-8FDC-42A3-9474-1A3956D46DE8}") = "Core", "Core", "{A3727B3D-C985-4C8C-B027-58A057E4BF91}"
EndProject
Project("{FAE04EC0-301F-11D3-BF4B-00C04F79EFBC}") = "Core", "Core\Core.csproj", "{E9E13A6B-991A-461E-B33B-D690518F2C78}"
EndProject
Project("{FAE04EC0-301F-11D3-BF4B-00C04F79EFBC}") = "Core.Bus", "Core\Core.Bus\Core.Bus.csproj", "{19FF2033-5F9B-4661-9E67-66B44D854C9D}"
EndProject
Project("{FAE04EC0-301F-11D3-BF4B-00C04F79EFBC}") = "Core.DependencyInjection", "Core\Core.DependencyInjection\Core.DependencyInjection.csproj", "{6818F4DC-FFC2-4538-92E4-FF0191DC3431}"
EndProject
Project("{2150E333-8FDC-42A3-9474-1A3956D46DE8}") = "Analysis", "Analysis", "{1384D86A-43DA-426F-AF5E-0404243A8F1E}"
EndProject
Project("{FAE04EC0-301F-11D3-BF4B-00C04F79EFBC}") = "AnalysisService", "AnalysisService\AnalysisService.csproj", "{C86D39F3-291C-491B-8267-F898B734FB2D}"
EndProject
Project("{FAE04EC0-301F-11D3-BF4B-00C04F79EFBC}") = "Knowledge.Contracts", "Knowledge.Contracts\Knowledge.Contracts.csproj", "{A7461C13-F7AD-4D85-9046-EE8A05BFC0A0}"
EndProject
Project("{2150E333-8FDC-42A3-9474-1A3956D46DE8}") = "Rules", "Rules", "{AD00A00D-1451-4D6E-83F2-40FF64E1C4AA}"
EndProject
Project("{FAE04EC0-301F-11D3-BF4B-00C04F79EFBC}") = "Climatisation.Rules", "Climatisation\Rules\Climatisation.Rules.csproj", "{C25857B8-3432-4DAD-B468-4095EA075534}"
EndProject
Project("{FAE04EC0-301F-11D3-BF4B-00C04F79EFBC}") = "AnalysisService.Contracts", "AnalysisService\Contracts\AnalysisService.Contracts.csproj", "{A0C2C37A-932B-4E75-AE8B-C9449D54AAFF}"
EndProject
Project("{2150E333-8FDC-42A3-9474-1A3956D46DE8}") = "Bus", "Bus", "{9389DD3D-8E1D-458D-81FF-579DC5746EC7}"
EndProject
Project("{FAE04EC0-301F-11D3-BF4B-00C04F79EFBC}") = "Core.Bus.Contracts", "Core\Core.Bus\Contracts\Core.Bus.Contracts.csproj", "{F1B1E45B-E010-4761-9E59-AFE05D9E88F2}"
EndProject
Global
	GlobalSection(SolutionConfigurationPlatforms) = preSolution
		Debug|Any CPU = Debug|Any CPU
		Release|Any CPU = Release|Any CPU
	EndGlobalSection
	GlobalSection(ProjectConfigurationPlatforms) = postSolution
		{B405351D-5B05-4527-BB4B-D62521F65C78}.Debug|Any CPU.ActiveCfg = Debug|Any CPU
		{B405351D-5B05-4527-BB4B-D62521F65C78}.Release|Any CPU.ActiveCfg = Release|Any CPU
		{B405351D-5B05-4527-BB4B-D62521F65C78}.Release|Any CPU.Build.0 = Release|Any CPU
		{B405351D-5B05-4527-BB4B-D62521F65C78}.Debug|Any CPU.Build.0 = Debug|Any CPU
		{4CCB503E-221B-46AA-9B26-AA5F5618A7F6}.Debug|Any CPU.ActiveCfg = Debug|Any CPU
		{4CCB503E-221B-46AA-9B26-AA5F5618A7F6}.Release|Any CPU.ActiveCfg = Release|Any CPU
		{4CCB503E-221B-46AA-9B26-AA5F5618A7F6}.Release|Any CPU.Build.0 = Release|Any CPU
		{4CCB503E-221B-46AA-9B26-AA5F5618A7F6}.Debug|Any CPU.Build.0 = Debug|Any CPU
		{5BE78444-EE62-4C59-A462-C62E19019AA1}.Debug|Any CPU.ActiveCfg = Debug|Any CPU
		{5BE78444-EE62-4C59-A462-C62E19019AA1}.Release|Any CPU.ActiveCfg = Release|Any CPU
		{5BE78444-EE62-4C59-A462-C62E19019AA1}.Release|Any CPU.Build.0 = Release|Any CPU
		{5BE78444-EE62-4C59-A462-C62E19019AA1}.Debug|Any CPU.Build.0 = Debug|Any CPU
		{650B89AC-93BE-4BD6-BC12-58E700ACD1E5}.Debug|Any CPU.ActiveCfg = Debug|Any CPU
		{650B89AC-93BE-4BD6-BC12-58E700ACD1E5}.Release|Any CPU.ActiveCfg = Release|Any CPU
		{650B89AC-93BE-4BD6-BC12-58E700ACD1E5}.Release|Any CPU.Build.0 = Release|Any CPU
		{650B89AC-93BE-4BD6-BC12-58E700ACD1E5}.Debug|Any CPU.Build.0 = Debug|Any CPU
		{04EE2BAD-EBE1-44F6-AF91-84B92DF71A85}.Debug|Any CPU.ActiveCfg = Debug|Any CPU
		{04EE2BAD-EBE1-44F6-AF91-84B92DF71A85}.Release|Any CPU.ActiveCfg = Release|Any CPU
		{04EE2BAD-EBE1-44F6-AF91-84B92DF71A85}.Release|Any CPU.Build.0 = Release|Any CPU
		{04EE2BAD-EBE1-44F6-AF91-84B92DF71A85}.Debug|Any CPU.Build.0 = Debug|Any CPU
		{6A364398-FAA0-4F62-AAA5-2BEC71BE1FB7}.Debug|Any CPU.ActiveCfg = Debug|Any CPU
		{6A364398-FAA0-4F62-AAA5-2BEC71BE1FB7}.Release|Any CPU.ActiveCfg = Release|Any CPU
		{6A364398-FAA0-4F62-AAA5-2BEC71BE1FB7}.Release|Any CPU.Build.0 = Release|Any CPU
		{6A364398-FAA0-4F62-AAA5-2BEC71BE1FB7}.Debug|Any CPU.Build.0 = Debug|Any CPU
		{711EF28C-A45E-4DBA-8ABC-C99A60B89B28}.Debug|Any CPU.ActiveCfg = Debug|Any CPU
		{711EF28C-A45E-4DBA-8ABC-C99A60B89B28}.Release|Any CPU.ActiveCfg = Release|Any CPU
		{711EF28C-A45E-4DBA-8ABC-C99A60B89B28}.Release|Any CPU.Build.0 = Release|Any CPU
		{711EF28C-A45E-4DBA-8ABC-C99A60B89B28}.Debug|Any CPU.Build.0 = Debug|Any CPU
		{E9E13A6B-991A-461E-B33B-D690518F2C78}.Debug|Any CPU.ActiveCfg = Debug|Any CPU
		{E9E13A6B-991A-461E-B33B-D690518F2C78}.Release|Any CPU.ActiveCfg = Release|Any CPU
		{E9E13A6B-991A-461E-B33B-D690518F2C78}.Release|Any CPU.Build.0 = Release|Any CPU
		{E9E13A6B-991A-461E-B33B-D690518F2C78}.Debug|Any CPU.Build.0 = Debug|Any CPU
		{19FF2033-5F9B-4661-9E67-66B44D854C9D}.Debug|Any CPU.ActiveCfg = Debug|Any CPU
		{19FF2033-5F9B-4661-9E67-66B44D854C9D}.Debug|Any CPU.Build.0 = Debug|Any CPU
		{19FF2033-5F9B-4661-9E67-66B44D854C9D}.Release|Any CPU.ActiveCfg = Release|Any CPU
		{19FF2033-5F9B-4661-9E67-66B44D854C9D}.Release|Any CPU.Build.0 = Release|Any CPU
		{6818F4DC-FFC2-4538-92E4-FF0191DC3431}.Debug|Any CPU.ActiveCfg = Debug|Any CPU
		{6818F4DC-FFC2-4538-92E4-FF0191DC3431}.Debug|Any CPU.Build.0 = Debug|Any CPU
		{6818F4DC-FFC2-4538-92E4-FF0191DC3431}.Release|Any CPU.ActiveCfg = Release|Any CPU
		{6818F4DC-FFC2-4538-92E4-FF0191DC3431}.Release|Any CPU.Build.0 = Release|Any CPU
		{C86D39F3-291C-491B-8267-F898B734FB2D}.Debug|Any CPU.ActiveCfg = Debug|Any CPU
		{C86D39F3-291C-491B-8267-F898B734FB2D}.Debug|Any CPU.Build.0 = Debug|Any CPU
		{C86D39F3-291C-491B-8267-F898B734FB2D}.Release|Any CPU.ActiveCfg = Release|Any CPU
		{C86D39F3-291C-491B-8267-F898B734FB2D}.Release|Any CPU.Build.0 = Release|Any CPU
		{A7461C13-F7AD-4D85-9046-EE8A05BFC0A0}.Debug|Any CPU.ActiveCfg = Debug|Any CPU
		{A7461C13-F7AD-4D85-9046-EE8A05BFC0A0}.Debug|Any CPU.Build.0 = Debug|Any CPU
		{A7461C13-F7AD-4D85-9046-EE8A05BFC0A0}.Release|Any CPU.ActiveCfg = Release|Any CPU
		{A7461C13-F7AD-4D85-9046-EE8A05BFC0A0}.Release|Any CPU.Build.0 = Release|Any CPU
		{C25857B8-3432-4DAD-B468-4095EA075534}.Debug|Any CPU.ActiveCfg = Debug|Any CPU
		{C25857B8-3432-4DAD-B468-4095EA075534}.Debug|Any CPU.Build.0 = Debug|Any CPU
		{C25857B8-3432-4DAD-B468-4095EA075534}.Release|Any CPU.ActiveCfg = Release|Any CPU
		{C25857B8-3432-4DAD-B468-4095EA075534}.Release|Any CPU.Build.0 = Release|Any CPU
		{A0C2C37A-932B-4E75-AE8B-C9449D54AAFF}.Debug|Any CPU.ActiveCfg = Debug|Any CPU
		{A0C2C37A-932B-4E75-AE8B-C9449D54AAFF}.Debug|Any CPU.Build.0 = Debug|Any CPU
		{A0C2C37A-932B-4E75-AE8B-C9449D54AAFF}.Release|Any CPU.ActiveCfg = Release|Any CPU
		{A0C2C37A-932B-4E75-AE8B-C9449D54AAFF}.Release|Any CPU.Build.0 = Release|Any CPU
		{F1B1E45B-E010-4761-9E59-AFE05D9E88F2}.Debug|Any CPU.ActiveCfg = Debug|Any CPU
		{F1B1E45B-E010-4761-9E59-AFE05D9E88F2}.Debug|Any CPU.Build.0 = Debug|Any CPU
		{F1B1E45B-E010-4761-9E59-AFE05D9E88F2}.Release|Any CPU.ActiveCfg = Release|Any CPU
		{F1B1E45B-E010-4761-9E59-AFE05D9E88F2}.Release|Any CPU.Build.0 = Release|Any CPU
	EndGlobalSection
	GlobalSection(NestedProjects) = preSolution
		{B405351D-5B05-4527-BB4B-D62521F65C78} = {54D144B3-5B4A-48C2-A087-CE8C7EB37E35}
		{54D144B3-5B4A-48C2-A087-CE8C7EB37E35} = {81D52D84-B86F-4CFC-80CE-775FA8385FEB}
		{9F63DD94-8186-49EC-9F1C-22CFBA4AAD51} = {81D52D84-B86F-4CFC-80CE-775FA8385FEB}
		{4CCB503E-221B-46AA-9B26-AA5F5618A7F6} = {9F63DD94-8186-49EC-9F1C-22CFBA4AAD51}
		{644E3857-1E44-485C-A9B2-748B4431777B} = {424C93E9-0081-4574-B263-394E6F9D73EE}
		{650B89AC-93BE-4BD6-BC12-58E700ACD1E5} = {644E3857-1E44-485C-A9B2-748B4431777B}
		{04EE2BAD-EBE1-44F6-AF91-84B92DF71A85} = {644E3857-1E44-485C-A9B2-748B4431777B}
		{3EBF2FC5-39A5-4FAE-B450-D3DDE2E05486} = {424C93E9-0081-4574-B263-394E6F9D73EE}
		{5BE78444-EE62-4C59-A462-C62E19019AA1} = {3EBF2FC5-39A5-4FAE-B450-D3DDE2E05486}
		{6A364398-FAA0-4F62-AAA5-2BEC71BE1FB7} = {3EBF2FC5-39A5-4FAE-B450-D3DDE2E05486}
		{711EF28C-A45E-4DBA-8ABC-C99A60B89B28} = {54D144B3-5B4A-48C2-A087-CE8C7EB37E35}
		{E9E13A6B-991A-461E-B33B-D690518F2C78} = {A3727B3D-C985-4C8C-B027-58A057E4BF91}
		{6818F4DC-FFC2-4538-92E4-FF0191DC3431} = {A3727B3D-C985-4C8C-B027-58A057E4BF91}
		{1384D86A-43DA-426F-AF5E-0404243A8F1E} = {424C93E9-0081-4574-B263-394E6F9D73EE}
		{C86D39F3-291C-491B-8267-F898B734FB2D} = {1384D86A-43DA-426F-AF5E-0404243A8F1E}
		{A7461C13-F7AD-4D85-9046-EE8A05BFC0A0} = {644E3857-1E44-485C-A9B2-748B4431777B}
		{AD00A00D-1451-4D6E-83F2-40FF64E1C4AA} = {81D52D84-B86F-4CFC-80CE-775FA8385FEB}
		{C25857B8-3432-4DAD-B468-4095EA075534} = {AD00A00D-1451-4D6E-83F2-40FF64E1C4AA}
		{A0C2C37A-932B-4E75-AE8B-C9449D54AAFF} = {1384D86A-43DA-426F-AF5E-0404243A8F1E}
		{9389DD3D-8E1D-458D-81FF-579DC5746EC7} = {A3727B3D-C985-4C8C-B027-58A057E4BF91}
		{19FF2033-5F9B-4661-9E67-66B44D854C9D} = {9389DD3D-8E1D-458D-81FF-579DC5746EC7}
		{F1B1E45B-E010-4761-9E59-AFE05D9E88F2} = {9389DD3D-8E1D-458D-81FF-579DC5746EC7}
	EndGlobalSection
EndGlobal
