
Microsoft Visual Studio Solution File, Format Version 12.00
Project("{2150E333-8FDC-42A3-9474-1A3956D46DE8}") = "Monitors", "Monitors", "{54D144B3-5B4A-48C2-A087-CE8C7EB37E35}"
EndProject
Project("{2150E333-8FDC-42A3-9474-1A3956D46DE8}") = "Climatisation", "Climatisation", "{81D52D84-B86F-4CFC-80CE-775FA8385FEB}"
EndProject
Project("{2150E333-8FDC-42A3-9474-1A3956D46DE8}") = "AdaptionLoop", "AdaptionLoop", "{424C93E9-0081-4574-B263-394E6F9D73EE}"
EndProject
Project("{2150E333-8FDC-42A3-9474-1A3956D46DE8}") = "Knowledge", "Knowledge", "{644E3857-1E44-485C-A9B2-748B4431777B}"
EndProject
Project("{2150E333-8FDC-42A3-9474-1A3956D46DE8}") = "Monitoring", "Monitoring", "{3EBF2FC5-39A5-4FAE-B450-D3DDE2E05486}"
EndProject
Project("{2150E333-8FDC-42A3-9474-1A3956D46DE8}") = "Core", "Core", "{A3727B3D-C985-4C8C-B027-58A057E4BF91}"
EndProject
Project("{FAE04EC0-301F-11D3-BF4B-00C04F79EFBC}") = "Core", "Core\Core.csproj", "{E9E13A6B-991A-461E-B33B-D690518F2C78}"
EndProject
Project("{FAE04EC0-301F-11D3-BF4B-00C04F79EFBC}") = "Core.Bus", "Core\Core.Bus\Core.Bus.csproj", "{19FF2033-5F9B-4661-9E67-66B44D854C9D}"
EndProject
Project("{FAE04EC0-301F-11D3-BF4B-00C04F79EFBC}") = "Core.DependencyInjection", "Core\Core.DependencyInjection\Core.DependencyInjection.csproj", "{6818F4DC-FFC2-4538-92E4-FF0191DC3431}"
EndProject
Project("{2150E333-8FDC-42A3-9474-1A3956D46DE8}") = "Analysis", "Analysis", "{1384D86A-43DA-426F-AF5E-0404243A8F1E}"
EndProject
Project("{2150E333-8FDC-42A3-9474-1A3956D46DE8}") = "Rules", "Rules", "{AD00A00D-1451-4D6E-83F2-40FF64E1C4AA}"
EndProject
Project("{FAE04EC0-301F-11D3-BF4B-00C04F79EFBC}") = "Climatisation.Rules", "Climatisation\Rules\Climatisation.Rules.Service.csproj", "{C25857B8-3432-4DAD-B468-4095EA075534}"
EndProject
Project("{2150E333-8FDC-42A3-9474-1A3956D46DE8}") = "Bus", "Bus", "{9389DD3D-8E1D-458D-81FF-579DC5746EC7}"
EndProject
Project("{FAE04EC0-301F-11D3-BF4B-00C04F79EFBC}") = "Core.Bus.Contracts", "Core\Core.Bus\Contracts\Core.Bus.Contracts.csproj", "{F1B1E45B-E010-4761-9E59-AFE05D9E88F2}"
EndProject
Project("{2150E333-8FDC-42A3-9474-1A3956D46DE8}") = "Contracts", "Contracts", "{D58AB3CF-D97A-4D40-BC39-279E615FD8F5}"
EndProject
Project("{FAE04EC0-301F-11D3-BF4B-00C04F79EFBC}") = "Analysis.Service", "AdaptionLoop\Analysis\Analysis.Service.csproj", "{4D687E84-AED1-41DF-9C26-518FD7D67193}"
EndProject
Project("{FAE04EC0-301F-11D3-BF4B-00C04F79EFBC}") = "Knowledge.Service", "AdaptionLoop\Knowledge\Knowledge.Service.csproj", "{5294CF39-44F1-4200-B5FC-E7E37C6E5E0E}"
EndProject
Project("{FAE04EC0-301F-11D3-BF4B-00C04F79EFBC}") = "Knowledge.Contracts", "AdaptionLoop\Knowledge\Contracts\Knowledge.Contracts.csproj", "{4E6E10E0-E859-4B31-B7B9-A2589D1FB3A4}"
EndProject
Project("{FAE04EC0-301F-11D3-BF4B-00C04F79EFBC}") = "Knowledge.Service.ApiClient", "AdaptionLoop\Knowledge\ApiClient\Knowledge.Service.ApiClient\Knowledge.Service.ApiClient.csproj", "{4206432A-0D36-4148-8C51-9C55E6651300}"
EndProject
Project("{FAE04EC0-301F-11D3-BF4B-00C04F79EFBC}") = "Analysis.Contracts", "AdaptionLoop\Analysis\Contracts\Analysis.Contracts.csproj", "{926FA811-6B64-4D8A-AFC3-3231C8FCC74B}"
EndProject
Project("{FAE04EC0-301F-11D3-BF4B-00C04F79EFBC}") = "Analysis.Service.ApiClient", "AdaptionLoop\Analysis\ApiClient\Analysis.Service.ApiClient\Analysis.Service.ApiClient.csproj", "{76F89A5C-2677-4F71-A766-8BF8F7C5C9DC}"
EndProject
Project("{FAE04EC0-301F-11D3-BF4B-00C04F79EFBC}") = "Monitoring.Service", "AdaptionLoop\Monitoring\Monitoring.Service.csproj", "{C784001A-52E7-417F-893C-37B37881A3DC}"
EndProject
Project("{FAE04EC0-301F-11D3-BF4B-00C04F79EFBC}") = "Monitoring.Service.ApiClient", "AdaptionLoop\Monitoring\ApiClient\Monitoring.Service.ApiClient\Monitoring.Service.ApiClient.csproj", "{01832756-2204-4334-B4F7-06515AD26209}"
EndProject
Project("{FAE04EC0-301F-11D3-BF4B-00C04F79EFBC}") = "Climatisation.Contracts", "Climatisation\Contracts\Climatisation.Contracts.csproj", "{D89FCDBA-EDF8-4165-ABCC-39A2D534E7DA}"
EndProject
Project("{FAE04EC0-301F-11D3-BF4B-00C04F79EFBC}") = "Climatisation.Monitor.Service", "Climatisation\Monitor\Climatisation.Monitor.Service.csproj", "{0FF4C930-ED95-42FA-AD7F-6C59E7983E47}"
EndProject
Project("{2150E333-8FDC-42A3-9474-1A3956D46DE8}") = "Planning", "Planning", "{1E242D5E-650D-4CB0-84D5-BBB10F1B8438}"
EndProject
Project("{FAE04EC0-301F-11D3-BF4B-00C04F79EFBC}") = "Planning.Service", "AdaptionLoop\Planning\Planning.Service.csproj", "{04AE231E-CD10-4FAF-A9B8-500EA51AA8DC}"
EndProject
Project("{FAE04EC0-301F-11D3-BF4B-00C04F79EFBC}") = "Planning.Contracts", "AdaptionLoop\Planning\Contracts\Planning.Contracts.csproj", "{4FF2FFA9-027B-4322-9E0B-43B1A8E3BF07}"
EndProject
Project("{2150E333-8FDC-42A3-9474-1A3956D46DE8}") = "Tests", "Tests", "{7C4A54D6-759A-4D9F-9495-E3131A8D0F14}"
EndProject
Project("{FAE04EC0-301F-11D3-BF4B-00C04F79EFBC}") = "Load.Tests", "Tests\Load.Tests\Load.Tests.csproj", "{A71D880E-B356-4084-BB18-7A5121D28AA2}"
EndProject
Project("{FAE04EC0-301F-11D3-BF4B-00C04F79EFBC}") = "Climatisation.Monitor.Service.ApiClient", "Climatisation\Monitor\ApiClient\Climatisation.Monitor.Service.ApiClient\Climatisation.Monitor.Service.ApiClient.csproj", "{0FCE7F62-EDCE-4888-A3F4-FE01E69C7A8C}"
EndProject
Project("{2150E333-8FDC-42A3-9474-1A3956D46DE8}") = "AirConditioner", "AirConditioner", "{29A99C41-CC25-4407-864C-4B3124EB1D0D}"
EndProject
Project("{FAE04EC0-301F-11D3-BF4B-00C04F79EFBC}") = "AirConditioner.Application", "Climatisation\AirConditioner\Application\AirConditioner.Application.csproj", "{A9F51EAB-490E-4166-B040-C2779FA75894}"
EndProject
Project("{FAE04EC0-301F-11D3-BF4B-00C04F79EFBC}") = "AirConditioner.Domain", "Climatisation\AirConditioner\Domain\AirConditioner.Domain.csproj", "{7C21FDEF-3E5E-44F6-9842-3AC5BBAE8634}"
EndProject
Project("{FAE04EC0-301F-11D3-BF4B-00C04F79EFBC}") = "Climatisation.AirConditioner.Service", "Climatisation\AirConditioner\Service\Climatisation.AirConditioner.Service.csproj", "{75824237-17D9-4DC2-AB0A-217C18DE317F}"
EndProject
Project("{FAE04EC0-301F-11D3-BF4B-00C04F79EFBC}") = "AirConditioner.Contracts", "Climatisation\AirConditioner\Contracts\AirConditioner.Contracts.csproj", "{8BD9796B-4059-4406-9BF5-9A181E8275E6}"
EndProject
Project("{2150E333-8FDC-42A3-9474-1A3956D46DE8}") = "Execute", "Execute", "{05FC9293-EBB2-4DA1-AC77-D3F57672251A}"
EndProject
Project("{FAE04EC0-301F-11D3-BF4B-00C04F79EFBC}") = "Execute.Service", "AdaptionLoop\Execute\Execute.Service.csproj", "{40AE73EB-1CED-4D33-853C-AF681097CE0E}"
EndProject
Project("{FAE04EC0-301F-11D3-BF4B-00C04F79EFBC}") = "Execute.Contracts", "AdaptionLoop\Execute\Contracts\Execute.Contracts.csproj", "{B75509AF-A166-489E-BAA9-1509D14B5404}"
EndProject
Global
	GlobalSection(SolutionConfigurationPlatforms) = preSolution
		Debug|Any CPU = Debug|Any CPU
		Release|Any CPU = Release|Any CPU
	EndGlobalSection
	GlobalSection(ProjectConfigurationPlatforms) = postSolution
		{E9E13A6B-991A-461E-B33B-D690518F2C78}.Debug|Any CPU.ActiveCfg = Debug|Any CPU
		{E9E13A6B-991A-461E-B33B-D690518F2C78}.Release|Any CPU.ActiveCfg = Release|Any CPU
		{E9E13A6B-991A-461E-B33B-D690518F2C78}.Release|Any CPU.Build.0 = Release|Any CPU
		{E9E13A6B-991A-461E-B33B-D690518F2C78}.Debug|Any CPU.Build.0 = Debug|Any CPU
		{19FF2033-5F9B-4661-9E67-66B44D854C9D}.Debug|Any CPU.ActiveCfg = Debug|Any CPU
		{19FF2033-5F9B-4661-9E67-66B44D854C9D}.Debug|Any CPU.Build.0 = Debug|Any CPU
		{19FF2033-5F9B-4661-9E67-66B44D854C9D}.Release|Any CPU.ActiveCfg = Release|Any CPU
		{19FF2033-5F9B-4661-9E67-66B44D854C9D}.Release|Any CPU.Build.0 = Release|Any CPU
		{6818F4DC-FFC2-4538-92E4-FF0191DC3431}.Debug|Any CPU.ActiveCfg = Debug|Any CPU
		{6818F4DC-FFC2-4538-92E4-FF0191DC3431}.Debug|Any CPU.Build.0 = Debug|Any CPU
		{6818F4DC-FFC2-4538-92E4-FF0191DC3431}.Release|Any CPU.ActiveCfg = Release|Any CPU
		{6818F4DC-FFC2-4538-92E4-FF0191DC3431}.Release|Any CPU.Build.0 = Release|Any CPU
		{C25857B8-3432-4DAD-B468-4095EA075534}.Debug|Any CPU.ActiveCfg = Debug|Any CPU
		{C25857B8-3432-4DAD-B468-4095EA075534}.Debug|Any CPU.Build.0 = Debug|Any CPU
		{C25857B8-3432-4DAD-B468-4095EA075534}.Release|Any CPU.ActiveCfg = Release|Any CPU
		{C25857B8-3432-4DAD-B468-4095EA075534}.Release|Any CPU.Build.0 = Release|Any CPU
		{F1B1E45B-E010-4761-9E59-AFE05D9E88F2}.Debug|Any CPU.ActiveCfg = Debug|Any CPU
		{F1B1E45B-E010-4761-9E59-AFE05D9E88F2}.Debug|Any CPU.Build.0 = Debug|Any CPU
		{F1B1E45B-E010-4761-9E59-AFE05D9E88F2}.Release|Any CPU.ActiveCfg = Release|Any CPU
		{F1B1E45B-E010-4761-9E59-AFE05D9E88F2}.Release|Any CPU.Build.0 = Release|Any CPU
		{4D687E84-AED1-41DF-9C26-518FD7D67193}.Debug|Any CPU.ActiveCfg = Debug|Any CPU
		{4D687E84-AED1-41DF-9C26-518FD7D67193}.Debug|Any CPU.Build.0 = Debug|Any CPU
		{4D687E84-AED1-41DF-9C26-518FD7D67193}.Release|Any CPU.ActiveCfg = Release|Any CPU
		{4D687E84-AED1-41DF-9C26-518FD7D67193}.Release|Any CPU.Build.0 = Release|Any CPU
		{5294CF39-44F1-4200-B5FC-E7E37C6E5E0E}.Debug|Any CPU.ActiveCfg = Debug|Any CPU
		{5294CF39-44F1-4200-B5FC-E7E37C6E5E0E}.Debug|Any CPU.Build.0 = Debug|Any CPU
		{5294CF39-44F1-4200-B5FC-E7E37C6E5E0E}.Release|Any CPU.ActiveCfg = Release|Any CPU
		{5294CF39-44F1-4200-B5FC-E7E37C6E5E0E}.Release|Any CPU.Build.0 = Release|Any CPU
		{4E6E10E0-E859-4B31-B7B9-A2589D1FB3A4}.Debug|Any CPU.ActiveCfg = Debug|Any CPU
		{4E6E10E0-E859-4B31-B7B9-A2589D1FB3A4}.Debug|Any CPU.Build.0 = Debug|Any CPU
		{4E6E10E0-E859-4B31-B7B9-A2589D1FB3A4}.Release|Any CPU.ActiveCfg = Release|Any CPU
		{4E6E10E0-E859-4B31-B7B9-A2589D1FB3A4}.Release|Any CPU.Build.0 = Release|Any CPU
		{4206432A-0D36-4148-8C51-9C55E6651300}.Debug|Any CPU.ActiveCfg = Debug|Any CPU
		{4206432A-0D36-4148-8C51-9C55E6651300}.Debug|Any CPU.Build.0 = Debug|Any CPU
		{4206432A-0D36-4148-8C51-9C55E6651300}.Release|Any CPU.ActiveCfg = Release|Any CPU
		{4206432A-0D36-4148-8C51-9C55E6651300}.Release|Any CPU.Build.0 = Release|Any CPU
		{926FA811-6B64-4D8A-AFC3-3231C8FCC74B}.Debug|Any CPU.ActiveCfg = Debug|Any CPU
		{926FA811-6B64-4D8A-AFC3-3231C8FCC74B}.Debug|Any CPU.Build.0 = Debug|Any CPU
		{926FA811-6B64-4D8A-AFC3-3231C8FCC74B}.Release|Any CPU.ActiveCfg = Release|Any CPU
		{926FA811-6B64-4D8A-AFC3-3231C8FCC74B}.Release|Any CPU.Build.0 = Release|Any CPU
		{76F89A5C-2677-4F71-A766-8BF8F7C5C9DC}.Debug|Any CPU.ActiveCfg = Debug|Any CPU
		{76F89A5C-2677-4F71-A766-8BF8F7C5C9DC}.Debug|Any CPU.Build.0 = Debug|Any CPU
		{76F89A5C-2677-4F71-A766-8BF8F7C5C9DC}.Release|Any CPU.ActiveCfg = Release|Any CPU
		{76F89A5C-2677-4F71-A766-8BF8F7C5C9DC}.Release|Any CPU.Build.0 = Release|Any CPU
		{C784001A-52E7-417F-893C-37B37881A3DC}.Debug|Any CPU.ActiveCfg = Debug|Any CPU
		{C784001A-52E7-417F-893C-37B37881A3DC}.Debug|Any CPU.Build.0 = Debug|Any CPU
		{C784001A-52E7-417F-893C-37B37881A3DC}.Release|Any CPU.ActiveCfg = Release|Any CPU
		{C784001A-52E7-417F-893C-37B37881A3DC}.Release|Any CPU.Build.0 = Release|Any CPU
		{01832756-2204-4334-B4F7-06515AD26209}.Debug|Any CPU.ActiveCfg = Debug|Any CPU
		{01832756-2204-4334-B4F7-06515AD26209}.Debug|Any CPU.Build.0 = Debug|Any CPU
		{01832756-2204-4334-B4F7-06515AD26209}.Release|Any CPU.ActiveCfg = Release|Any CPU
		{01832756-2204-4334-B4F7-06515AD26209}.Release|Any CPU.Build.0 = Release|Any CPU
		{D89FCDBA-EDF8-4165-ABCC-39A2D534E7DA}.Debug|Any CPU.ActiveCfg = Debug|Any CPU
		{D89FCDBA-EDF8-4165-ABCC-39A2D534E7DA}.Debug|Any CPU.Build.0 = Debug|Any CPU
		{D89FCDBA-EDF8-4165-ABCC-39A2D534E7DA}.Release|Any CPU.ActiveCfg = Release|Any CPU
		{D89FCDBA-EDF8-4165-ABCC-39A2D534E7DA}.Release|Any CPU.Build.0 = Release|Any CPU
		{0FF4C930-ED95-42FA-AD7F-6C59E7983E47}.Debug|Any CPU.ActiveCfg = Debug|Any CPU
		{0FF4C930-ED95-42FA-AD7F-6C59E7983E47}.Debug|Any CPU.Build.0 = Debug|Any CPU
		{0FF4C930-ED95-42FA-AD7F-6C59E7983E47}.Release|Any CPU.ActiveCfg = Release|Any CPU
		{0FF4C930-ED95-42FA-AD7F-6C59E7983E47}.Release|Any CPU.Build.0 = Release|Any CPU
		{04AE231E-CD10-4FAF-A9B8-500EA51AA8DC}.Debug|Any CPU.ActiveCfg = Debug|Any CPU
		{04AE231E-CD10-4FAF-A9B8-500EA51AA8DC}.Debug|Any CPU.Build.0 = Debug|Any CPU
		{04AE231E-CD10-4FAF-A9B8-500EA51AA8DC}.Release|Any CPU.ActiveCfg = Release|Any CPU
		{04AE231E-CD10-4FAF-A9B8-500EA51AA8DC}.Release|Any CPU.Build.0 = Release|Any CPU
		{4FF2FFA9-027B-4322-9E0B-43B1A8E3BF07}.Debug|Any CPU.ActiveCfg = Debug|Any CPU
		{4FF2FFA9-027B-4322-9E0B-43B1A8E3BF07}.Debug|Any CPU.Build.0 = Debug|Any CPU
		{4FF2FFA9-027B-4322-9E0B-43B1A8E3BF07}.Release|Any CPU.ActiveCfg = Release|Any CPU
		{4FF2FFA9-027B-4322-9E0B-43B1A8E3BF07}.Release|Any CPU.Build.0 = Release|Any CPU
		{A71D880E-B356-4084-BB18-7A5121D28AA2}.Debug|Any CPU.ActiveCfg = Debug|Any CPU
		{A71D880E-B356-4084-BB18-7A5121D28AA2}.Debug|Any CPU.Build.0 = Debug|Any CPU
		{A71D880E-B356-4084-BB18-7A5121D28AA2}.Release|Any CPU.ActiveCfg = Release|Any CPU
		{A71D880E-B356-4084-BB18-7A5121D28AA2}.Release|Any CPU.Build.0 = Release|Any CPU
		{0FCE7F62-EDCE-4888-A3F4-FE01E69C7A8C}.Debug|Any CPU.ActiveCfg = Debug|Any CPU
		{0FCE7F62-EDCE-4888-A3F4-FE01E69C7A8C}.Debug|Any CPU.Build.0 = Debug|Any CPU
		{0FCE7F62-EDCE-4888-A3F4-FE01E69C7A8C}.Release|Any CPU.ActiveCfg = Release|Any CPU
		{0FCE7F62-EDCE-4888-A3F4-FE01E69C7A8C}.Release|Any CPU.Build.0 = Release|Any CPU
		{A9F51EAB-490E-4166-B040-C2779FA75894}.Debug|Any CPU.ActiveCfg = Debug|Any CPU
		{A9F51EAB-490E-4166-B040-C2779FA75894}.Debug|Any CPU.Build.0 = Debug|Any CPU
		{A9F51EAB-490E-4166-B040-C2779FA75894}.Release|Any CPU.ActiveCfg = Release|Any CPU
		{A9F51EAB-490E-4166-B040-C2779FA75894}.Release|Any CPU.Build.0 = Release|Any CPU
		{7C21FDEF-3E5E-44F6-9842-3AC5BBAE8634}.Debug|Any CPU.ActiveCfg = Debug|Any CPU
		{7C21FDEF-3E5E-44F6-9842-3AC5BBAE8634}.Debug|Any CPU.Build.0 = Debug|Any CPU
		{7C21FDEF-3E5E-44F6-9842-3AC5BBAE8634}.Release|Any CPU.ActiveCfg = Release|Any CPU
		{7C21FDEF-3E5E-44F6-9842-3AC5BBAE8634}.Release|Any CPU.Build.0 = Release|Any CPU
		{75824237-17D9-4DC2-AB0A-217C18DE317F}.Debug|Any CPU.ActiveCfg = Debug|Any CPU
		{75824237-17D9-4DC2-AB0A-217C18DE317F}.Debug|Any CPU.Build.0 = Debug|Any CPU
		{75824237-17D9-4DC2-AB0A-217C18DE317F}.Release|Any CPU.ActiveCfg = Release|Any CPU
		{75824237-17D9-4DC2-AB0A-217C18DE317F}.Release|Any CPU.Build.0 = Release|Any CPU
		{8BD9796B-4059-4406-9BF5-9A181E8275E6}.Debug|Any CPU.ActiveCfg = Debug|Any CPU
		{8BD9796B-4059-4406-9BF5-9A181E8275E6}.Debug|Any CPU.Build.0 = Debug|Any CPU
		{8BD9796B-4059-4406-9BF5-9A181E8275E6}.Release|Any CPU.ActiveCfg = Release|Any CPU
		{8BD9796B-4059-4406-9BF5-9A181E8275E6}.Release|Any CPU.Build.0 = Release|Any CPU
		{40AE73EB-1CED-4D33-853C-AF681097CE0E}.Debug|Any CPU.ActiveCfg = Debug|Any CPU
		{40AE73EB-1CED-4D33-853C-AF681097CE0E}.Debug|Any CPU.Build.0 = Debug|Any CPU
		{40AE73EB-1CED-4D33-853C-AF681097CE0E}.Release|Any CPU.ActiveCfg = Release|Any CPU
		{40AE73EB-1CED-4D33-853C-AF681097CE0E}.Release|Any CPU.Build.0 = Release|Any CPU
		{B75509AF-A166-489E-BAA9-1509D14B5404}.Debug|Any CPU.ActiveCfg = Debug|Any CPU
		{B75509AF-A166-489E-BAA9-1509D14B5404}.Debug|Any CPU.Build.0 = Debug|Any CPU
		{B75509AF-A166-489E-BAA9-1509D14B5404}.Release|Any CPU.ActiveCfg = Release|Any CPU
		{B75509AF-A166-489E-BAA9-1509D14B5404}.Release|Any CPU.Build.0 = Release|Any CPU
	EndGlobalSection
	GlobalSection(NestedProjects) = preSolution
		{54D144B3-5B4A-48C2-A087-CE8C7EB37E35} = {81D52D84-B86F-4CFC-80CE-775FA8385FEB}
		{644E3857-1E44-485C-A9B2-748B4431777B} = {424C93E9-0081-4574-B263-394E6F9D73EE}
		{3EBF2FC5-39A5-4FAE-B450-D3DDE2E05486} = {424C93E9-0081-4574-B263-394E6F9D73EE}
		{E9E13A6B-991A-461E-B33B-D690518F2C78} = {A3727B3D-C985-4C8C-B027-58A057E4BF91}
		{6818F4DC-FFC2-4538-92E4-FF0191DC3431} = {A3727B3D-C985-4C8C-B027-58A057E4BF91}
		{1384D86A-43DA-426F-AF5E-0404243A8F1E} = {424C93E9-0081-4574-B263-394E6F9D73EE}
		{AD00A00D-1451-4D6E-83F2-40FF64E1C4AA} = {81D52D84-B86F-4CFC-80CE-775FA8385FEB}
		{C25857B8-3432-4DAD-B468-4095EA075534} = {AD00A00D-1451-4D6E-83F2-40FF64E1C4AA}
		{9389DD3D-8E1D-458D-81FF-579DC5746EC7} = {A3727B3D-C985-4C8C-B027-58A057E4BF91}
		{19FF2033-5F9B-4661-9E67-66B44D854C9D} = {9389DD3D-8E1D-458D-81FF-579DC5746EC7}
		{F1B1E45B-E010-4761-9E59-AFE05D9E88F2} = {9389DD3D-8E1D-458D-81FF-579DC5746EC7}
		{D58AB3CF-D97A-4D40-BC39-279E615FD8F5} = {81D52D84-B86F-4CFC-80CE-775FA8385FEB}
		{4D687E84-AED1-41DF-9C26-518FD7D67193} = {1384D86A-43DA-426F-AF5E-0404243A8F1E}
		{5294CF39-44F1-4200-B5FC-E7E37C6E5E0E} = {644E3857-1E44-485C-A9B2-748B4431777B}
		{4E6E10E0-E859-4B31-B7B9-A2589D1FB3A4} = {644E3857-1E44-485C-A9B2-748B4431777B}
		{4206432A-0D36-4148-8C51-9C55E6651300} = {644E3857-1E44-485C-A9B2-748B4431777B}
		{926FA811-6B64-4D8A-AFC3-3231C8FCC74B} = {1384D86A-43DA-426F-AF5E-0404243A8F1E}
		{76F89A5C-2677-4F71-A766-8BF8F7C5C9DC} = {1384D86A-43DA-426F-AF5E-0404243A8F1E}
		{C784001A-52E7-417F-893C-37B37881A3DC} = {3EBF2FC5-39A5-4FAE-B450-D3DDE2E05486}
		{01832756-2204-4334-B4F7-06515AD26209} = {3EBF2FC5-39A5-4FAE-B450-D3DDE2E05486}
		{D89FCDBA-EDF8-4165-ABCC-39A2D534E7DA} = {D58AB3CF-D97A-4D40-BC39-279E615FD8F5}
		{0FF4C930-ED95-42FA-AD7F-6C59E7983E47} = {54D144B3-5B4A-48C2-A087-CE8C7EB37E35}
		{1E242D5E-650D-4CB0-84D5-BBB10F1B8438} = {424C93E9-0081-4574-B263-394E6F9D73EE}
		{04AE231E-CD10-4FAF-A9B8-500EA51AA8DC} = {1E242D5E-650D-4CB0-84D5-BBB10F1B8438}
		{4FF2FFA9-027B-4322-9E0B-43B1A8E3BF07} = {1E242D5E-650D-4CB0-84D5-BBB10F1B8438}
		{A71D880E-B356-4084-BB18-7A5121D28AA2} = {7C4A54D6-759A-4D9F-9495-E3131A8D0F14}
		{0FCE7F62-EDCE-4888-A3F4-FE01E69C7A8C} = {54D144B3-5B4A-48C2-A087-CE8C7EB37E35}
		{29A99C41-CC25-4407-864C-4B3124EB1D0D} = {81D52D84-B86F-4CFC-80CE-775FA8385FEB}
		{A9F51EAB-490E-4166-B040-C2779FA75894} = {29A99C41-CC25-4407-864C-4B3124EB1D0D}
		{7C21FDEF-3E5E-44F6-9842-3AC5BBAE8634} = {29A99C41-CC25-4407-864C-4B3124EB1D0D}
		{75824237-17D9-4DC2-AB0A-217C18DE317F} = {29A99C41-CC25-4407-864C-4B3124EB1D0D}
		{8BD9796B-4059-4406-9BF5-9A181E8275E6} = {29A99C41-CC25-4407-864C-4B3124EB1D0D}
		{05FC9293-EBB2-4DA1-AC77-D3F57672251A} = {424C93E9-0081-4574-B263-394E6F9D73EE}
		{40AE73EB-1CED-4D33-853C-AF681097CE0E} = {05FC9293-EBB2-4DA1-AC77-D3F57672251A}
		{B75509AF-A166-489E-BAA9-1509D14B5404} = {05FC9293-EBB2-4DA1-AC77-D3F57672251A}
	EndGlobalSection
EndGlobal
