
Microsoft Visual Studio Solution File, Format Version 12.00
Project("{FAE04EC0-301F-11D3-BF4B-00C04F79EFBC}") = "RoomMonitor", "RoomMonitor\RoomMonitor.csproj", "{B405351D-5B05-4527-BB4B-D62521F65C78}"
EndProject
Project("{FAE04EC0-301F-11D3-BF4B-00C04F79EFBC}") = "TemperatureProbe", "TemperatureProbe\TemperatureProbe.csproj", "{4CCB503E-221B-46AA-9B26-AA5F5618A7F6}"
EndProject
Project("{2150E333-8FDC-42A3-9474-1A3956D46DE8}") = "Monitors", "Monitors", "{54D144B3-5B4A-48C2-A087-CE8C7EB37E35}"
EndProject
Project("{2150E333-8FDC-42A3-9474-1A3956D46DE8}") = "Climatisation", "Climatisation", "{81D52D84-B86F-4CFC-80CE-775FA8385FEB}"
EndProject
Project("{2150E333-8FDC-42A3-9474-1A3956D46DE8}") = "Probes", "Probes", "{9F63DD94-8186-49EC-9F1C-22CFBA4AAD51}"
EndProject
Project("{2150E333-8FDC-42A3-9474-1A3956D46DE8}") = "AdaptionLoop", "AdaptionLoop", "{424C93E9-0081-4574-B263-394E6F9D73EE}"
EndProject
Project("{FAE04EC0-301F-11D3-BF4B-00C04F79EFBC}") = "MonitoringService", "MonitoringService\MonitoringService.csproj", "{5BE78444-EE62-4C59-A462-C62E19019AA1}"
EndProject
Project("{FAE04EC0-301F-11D3-BF4B-00C04F79EFBC}") = "KnowledgeService", "KnowledgeService\KnowledgeService.csproj", "{650B89AC-93BE-4BD6-BC12-58E700ACD1E5}"
EndProject
Project("{2150E333-8FDC-42A3-9474-1A3956D46DE8}") = "Knowledge", "Knowledge", "{644E3857-1E44-485C-A9B2-748B4431777B}"
EndProject
Project("{FAE04EC0-301F-11D3-BF4B-00C04F79EFBC}") = "KnowledgeService.ApiClient", "KnowledgeService\ApiClient\KnowledgeService.ApiClient\KnowledgeService.ApiClient.csproj", "{04EE2BAD-EBE1-44F6-AF91-84B92DF71A85}"
EndProject
Project("{2150E333-8FDC-42A3-9474-1A3956D46DE8}") = "Monitoring", "Monitoring", "{3EBF2FC5-39A5-4FAE-B450-D3DDE2E05486}"
EndProject
Project("{FAE04EC0-301F-11D3-BF4B-00C04F79EFBC}") = "MonitoringService.ApiClient", "MonitoringService\ApiClient\MonitoringService.ApiClient\MonitoringService.ApiClient.csproj", "{6A364398-FAA0-4F62-AAA5-2BEC71BE1FB7}"
EndProject
Project("{FAE04EC0-301F-11D3-BF4B-00C04F79EFBC}") = "RoomMonitor.ApiClient", "RoomMonitor\ApiClient\RoomMonitor.ApiClient\RoomMonitor.ApiClient.csproj", "{711EF28C-A45E-4DBA-8ABC-C99A60B89B28}"
EndProject
Global
	GlobalSection(SolutionConfigurationPlatforms) = preSolution
		Debug|Any CPU = Debug|Any CPU
		Release|Any CPU = Release|Any CPU
	EndGlobalSection
	GlobalSection(ProjectConfigurationPlatforms) = postSolution
		{B405351D-5B05-4527-BB4B-D62521F65C78}.Debug|Any CPU.ActiveCfg = Debug|Any CPU
		{B405351D-5B05-4527-BB4B-D62521F65C78}.Debug|Any CPU.Build.0 = Debug|Any CPU
		{B405351D-5B05-4527-BB4B-D62521F65C78}.Release|Any CPU.ActiveCfg = Release|Any CPU
		{B405351D-5B05-4527-BB4B-D62521F65C78}.Release|Any CPU.Build.0 = Release|Any CPU
		{4CCB503E-221B-46AA-9B26-AA5F5618A7F6}.Debug|Any CPU.ActiveCfg = Debug|Any CPU
		{4CCB503E-221B-46AA-9B26-AA5F5618A7F6}.Debug|Any CPU.Build.0 = Debug|Any CPU
		{4CCB503E-221B-46AA-9B26-AA5F5618A7F6}.Release|Any CPU.ActiveCfg = Release|Any CPU
		{4CCB503E-221B-46AA-9B26-AA5F5618A7F6}.Release|Any CPU.Build.0 = Release|Any CPU
		{5BE78444-EE62-4C59-A462-C62E19019AA1}.Debug|Any CPU.ActiveCfg = Debug|Any CPU
		{5BE78444-EE62-4C59-A462-C62E19019AA1}.Debug|Any CPU.Build.0 = Debug|Any CPU
		{5BE78444-EE62-4C59-A462-C62E19019AA1}.Release|Any CPU.ActiveCfg = Release|Any CPU
		{5BE78444-EE62-4C59-A462-C62E19019AA1}.Release|Any CPU.Build.0 = Release|Any CPU
		{650B89AC-93BE-4BD6-BC12-58E700ACD1E5}.Debug|Any CPU.ActiveCfg = Debug|Any CPU
		{650B89AC-93BE-4BD6-BC12-58E700ACD1E5}.Debug|Any CPU.Build.0 = Debug|Any CPU
		{650B89AC-93BE-4BD6-BC12-58E700ACD1E5}.Release|Any CPU.ActiveCfg = Release|Any CPU
		{650B89AC-93BE-4BD6-BC12-58E700ACD1E5}.Release|Any CPU.Build.0 = Release|Any CPU
		{04EE2BAD-EBE1-44F6-AF91-84B92DF71A85}.Debug|Any CPU.ActiveCfg = Debug|Any CPU
		{04EE2BAD-EBE1-44F6-AF91-84B92DF71A85}.Debug|Any CPU.Build.0 = Debug|Any CPU
		{04EE2BAD-EBE1-44F6-AF91-84B92DF71A85}.Release|Any CPU.ActiveCfg = Release|Any CPU
		{04EE2BAD-EBE1-44F6-AF91-84B92DF71A85}.Release|Any CPU.Build.0 = Release|Any CPU
		{6A364398-FAA0-4F62-AAA5-2BEC71BE1FB7}.Debug|Any CPU.ActiveCfg = Debug|Any CPU
		{6A364398-FAA0-4F62-AAA5-2BEC71BE1FB7}.Debug|Any CPU.Build.0 = Debug|Any CPU
		{6A364398-FAA0-4F62-AAA5-2BEC71BE1FB7}.Release|Any CPU.ActiveCfg = Release|Any CPU
		{6A364398-FAA0-4F62-AAA5-2BEC71BE1FB7}.Release|Any CPU.Build.0 = Release|Any CPU
		{711EF28C-A45E-4DBA-8ABC-C99A60B89B28}.Debug|Any CPU.ActiveCfg = Debug|Any CPU
		{711EF28C-A45E-4DBA-8ABC-C99A60B89B28}.Debug|Any CPU.Build.0 = Debug|Any CPU
		{711EF28C-A45E-4DBA-8ABC-C99A60B89B28}.Release|Any CPU.ActiveCfg = Release|Any CPU
		{711EF28C-A45E-4DBA-8ABC-C99A60B89B28}.Release|Any CPU.Build.0 = Release|Any CPU
	EndGlobalSection
	GlobalSection(NestedProjects) = preSolution
		{B405351D-5B05-4527-BB4B-D62521F65C78} = {54D144B3-5B4A-48C2-A087-CE8C7EB37E35}
		{54D144B3-5B4A-48C2-A087-CE8C7EB37E35} = {81D52D84-B86F-4CFC-80CE-775FA8385FEB}
		{9F63DD94-8186-49EC-9F1C-22CFBA4AAD51} = {81D52D84-B86F-4CFC-80CE-775FA8385FEB}
		{4CCB503E-221B-46AA-9B26-AA5F5618A7F6} = {9F63DD94-8186-49EC-9F1C-22CFBA4AAD51}
		{644E3857-1E44-485C-A9B2-748B4431777B} = {424C93E9-0081-4574-B263-394E6F9D73EE}
		{650B89AC-93BE-4BD6-BC12-58E700ACD1E5} = {644E3857-1E44-485C-A9B2-748B4431777B}
		{04EE2BAD-EBE1-44F6-AF91-84B92DF71A85} = {644E3857-1E44-485C-A9B2-748B4431777B}
		{3EBF2FC5-39A5-4FAE-B450-D3DDE2E05486} = {424C93E9-0081-4574-B263-394E6F9D73EE}
		{5BE78444-EE62-4C59-A462-C62E19019AA1} = {3EBF2FC5-39A5-4FAE-B450-D3DDE2E05486}
		{6A364398-FAA0-4F62-AAA5-2BEC71BE1FB7} = {3EBF2FC5-39A5-4FAE-B450-D3DDE2E05486}
		{711EF28C-A45E-4DBA-8ABC-C99A60B89B28} = {54D144B3-5B4A-48C2-A087-CE8C7EB37E35}
	EndGlobalSection
EndGlobal
